
Microsoft Visual Studio Solution File, Format Version 12.00
# Visual Studio 2013
VisualStudioVersion = 12.0.31101.0
MinimumVisualStudioVersion = 10.0.40219.1
Project("{FAE04EC0-301F-11D3-BF4B-00C04F79EFBC}") = "SOLID", "SOLID\SOLID.csproj", "{09C83048-593C-4AD9-AC6E-6A9888C0D54F}"
EndProject
Project("{FAE04EC0-301F-11D3-BF4B-00C04F79EFBC}") = "ExplicitInterface", "ExplicitInterface\ExplicitInterface.csproj", "{635B09C9-07EE-4AB2-96FA-D81BB75B3664}"
EndProject
Project("{FAE04EC0-301F-11D3-BF4B-00C04F79EFBC}") = "String", "String\String.csproj", "{D7CB2DF9-D8BF-461A-9656-CA9EE954A18F}"
EndProject
Project("{FAE04EC0-301F-11D3-BF4B-00C04F79EFBC}") = "Inheritances", "Inheritances\Inheritances.csproj", "{C9A1B2A1-E117-4039-A47E-AAA37F88A014}"
EndProject
Project("{FAE04EC0-301F-11D3-BF4B-00C04F79EFBC}") = "CodeFirstEF", "CodeFirstEF\CodeFirstEF.csproj", "{87959471-028A-4915-BFFB-D4FA94516E48}"
EndProject
Project("{FAE04EC0-301F-11D3-BF4B-00C04F79EFBC}") = "DateTime", "DateTime\DateTime.csproj", "{22992DB6-03CB-4AB9-B832-3D496ECABD40}"
EndProject
Project("{FAE04EC0-301F-11D3-BF4B-00C04F79EFBC}") = "ModelContextEF", "ModelContextEF\ModelContextEF.csproj", "{79B7B5CA-13B1-4F87-868B-AA5F13A2DF22}"
EndProject
Project("{FAE04EC0-301F-11D3-BF4B-00C04F79EFBC}") = "Identity", "Identity\Identity.csproj", "{46EC8F9A-9339-44C9-8936-FCD048832ECB}"
EndProject
Project("{FAE04EC0-301F-11D3-BF4B-00C04F79EFBC}") = "Bootstrap", "Bootstrap\Bootstrap.csproj", "{1A914B06-9AFE-4239-B698-3615C6F5AE88}"
EndProject
Global
	GlobalSection(SolutionConfigurationPlatforms) = preSolution
		Debug|Any CPU = Debug|Any CPU
		Release|Any CPU = Release|Any CPU
	EndGlobalSection
	GlobalSection(ProjectConfigurationPlatforms) = postSolution
		{09C83048-593C-4AD9-AC6E-6A9888C0D54F}.Debug|Any CPU.ActiveCfg = Debug|Any CPU
		{09C83048-593C-4AD9-AC6E-6A9888C0D54F}.Debug|Any CPU.Build.0 = Debug|Any CPU
		{09C83048-593C-4AD9-AC6E-6A9888C0D54F}.Release|Any CPU.ActiveCfg = Release|Any CPU
		{09C83048-593C-4AD9-AC6E-6A9888C0D54F}.Release|Any CPU.Build.0 = Release|Any CPU
		{635B09C9-07EE-4AB2-96FA-D81BB75B3664}.Debug|Any CPU.ActiveCfg = Debug|Any CPU
		{635B09C9-07EE-4AB2-96FA-D81BB75B3664}.Debug|Any CPU.Build.0 = Debug|Any CPU
		{635B09C9-07EE-4AB2-96FA-D81BB75B3664}.Release|Any CPU.ActiveCfg = Release|Any CPU
		{635B09C9-07EE-4AB2-96FA-D81BB75B3664}.Release|Any CPU.Build.0 = Release|Any CPU
		{D7CB2DF9-D8BF-461A-9656-CA9EE954A18F}.Debug|Any CPU.ActiveCfg = Debug|Any CPU
		{D7CB2DF9-D8BF-461A-9656-CA9EE954A18F}.Debug|Any CPU.Build.0 = Debug|Any CPU
		{D7CB2DF9-D8BF-461A-9656-CA9EE954A18F}.Release|Any CPU.ActiveCfg = Release|Any CPU
		{D7CB2DF9-D8BF-461A-9656-CA9EE954A18F}.Release|Any CPU.Build.0 = Release|Any CPU
		{C9A1B2A1-E117-4039-A47E-AAA37F88A014}.Debug|Any CPU.ActiveCfg = Debug|Any CPU
		{C9A1B2A1-E117-4039-A47E-AAA37F88A014}.Debug|Any CPU.Build.0 = Debug|Any CPU
		{C9A1B2A1-E117-4039-A47E-AAA37F88A014}.Release|Any CPU.ActiveCfg = Release|Any CPU
		{C9A1B2A1-E117-4039-A47E-AAA37F88A014}.Release|Any CPU.Build.0 = Release|Any CPU
		{87959471-028A-4915-BFFB-D4FA94516E48}.Debug|Any CPU.ActiveCfg = Debug|Any CPU
		{87959471-028A-4915-BFFB-D4FA94516E48}.Debug|Any CPU.Build.0 = Debug|Any CPU
		{87959471-028A-4915-BFFB-D4FA94516E48}.Release|Any CPU.ActiveCfg = Release|Any CPU
		{87959471-028A-4915-BFFB-D4FA94516E48}.Release|Any CPU.Build.0 = Release|Any CPU
		{22992DB6-03CB-4AB9-B832-3D496ECABD40}.Debug|Any CPU.ActiveCfg = Debug|Any CPU
		{22992DB6-03CB-4AB9-B832-3D496ECABD40}.Debug|Any CPU.Build.0 = Debug|Any CPU
		{22992DB6-03CB-4AB9-B832-3D496ECABD40}.Release|Any CPU.ActiveCfg = Release|Any CPU
		{22992DB6-03CB-4AB9-B832-3D496ECABD40}.Release|Any CPU.Build.0 = Release|Any CPU
		{79B7B5CA-13B1-4F87-868B-AA5F13A2DF22}.Debug|Any CPU.ActiveCfg = Debug|Any CPU
		{79B7B5CA-13B1-4F87-868B-AA5F13A2DF22}.Debug|Any CPU.Build.0 = Debug|Any CPU
		{79B7B5CA-13B1-4F87-868B-AA5F13A2DF22}.Release|Any CPU.ActiveCfg = Release|Any CPU
		{79B7B5CA-13B1-4F87-868B-AA5F13A2DF22}.Release|Any CPU.Build.0 = Release|Any CPU
		{46EC8F9A-9339-44C9-8936-FCD048832ECB}.Debug|Any CPU.ActiveCfg = Debug|Any CPU
		{46EC8F9A-9339-44C9-8936-FCD048832ECB}.Debug|Any CPU.Build.0 = Debug|Any CPU
		{46EC8F9A-9339-44C9-8936-FCD048832ECB}.Release|Any CPU.ActiveCfg = Release|Any CPU
		{46EC8F9A-9339-44C9-8936-FCD048832ECB}.Release|Any CPU.Build.0 = Release|Any CPU
		{1A914B06-9AFE-4239-B698-3615C6F5AE88}.Debug|Any CPU.ActiveCfg = Debug|Any CPU
		{1A914B06-9AFE-4239-B698-3615C6F5AE88}.Debug|Any CPU.Build.0 = Debug|Any CPU
		{1A914B06-9AFE-4239-B698-3615C6F5AE88}.Release|Any CPU.ActiveCfg = Release|Any CPU
		{1A914B06-9AFE-4239-B698-3615C6F5AE88}.Release|Any CPU.Build.0 = Release|Any CPU
	EndGlobalSection
	GlobalSection(SolutionProperties) = preSolution
		HideSolutionNode = FALSE
	EndGlobalSection
EndGlobal
