
Microsoft Visual Studio Solution File, Format Version 12.00
# Visual Studio 14
VisualStudioVersion = 14.0.23107.0
MinimumVisualStudioVersion = 10.0.40219.1
Project("{FAE04EC0-301F-11D3-BF4B-00C04F79EFBC}") = "SOLID", "SOLID\SOLID.csproj", "{09C83048-593C-4AD9-AC6E-6A9888C0D54F}"
EndProject
Project("{FAE04EC0-301F-11D3-BF4B-00C04F79EFBC}") = "ExplicitInterface", "ExplicitInterface\ExplicitInterface.csproj", "{635B09C9-07EE-4AB2-96FA-D81BB75B3664}"
EndProject
Project("{FAE04EC0-301F-11D3-BF4B-00C04F79EFBC}") = "String", "String\String.csproj", "{D7CB2DF9-D8BF-461A-9656-CA9EE954A18F}"
EndProject
Project("{FAE04EC0-301F-11D3-BF4B-00C04F79EFBC}") = "Inheritance", "Inheritances\Inheritance.csproj", "{C9A1B2A1-E117-4039-A47E-AAA37F88A014}"
EndProject
Project("{FAE04EC0-301F-11D3-BF4B-00C04F79EFBC}") = "CodeFirstEF", "CodeFirstEF\CodeFirstEF.csproj", "{87959471-028A-4915-BFFB-D4FA94516E48}"
EndProject
Project("{FAE04EC0-301F-11D3-BF4B-00C04F79EFBC}") = "DateTime", "DateTime\DateTime.csproj", "{22992DB6-03CB-4AB9-B832-3D496ECABD40}"
EndProject
Project("{FAE04EC0-301F-11D3-BF4B-00C04F79EFBC}") = "Identity", "Identity\Identity.csproj", "{46EC8F9A-9339-44C9-8936-FCD048832ECB}"
EndProject
Project("{FAE04EC0-301F-11D3-BF4B-00C04F79EFBC}") = "Bootstrap", "Bootstrap\Bootstrap.csproj", "{1A914B06-9AFE-4239-B698-3615C6F5AE88}"
EndProject
Project("{FAE04EC0-301F-11D3-BF4B-00C04F79EFBC}") = "Casting", "Casting\Casting.csproj", "{BABF5323-3116-4DB6-8EBC-7F0F8EF2DA96}"
EndProject
Project("{FAE04EC0-301F-11D3-BF4B-00C04F79EFBC}") = "Method", "Methods\Method.csproj", "{17E5BBE4-5AD2-4132-9978-10A8450B26BA}"
EndProject
Project("{FAE04EC0-301F-11D3-BF4B-00C04F79EFBC}") = "Operator", "Operator\Operator.csproj", "{AAFF0288-E2FB-4133-8998-22003D977B0B}"
EndProject
Project("{FAE04EC0-301F-11D3-BF4B-00C04F79EFBC}") = "Enumeration", "Enum\Enumeration.csproj", "{F712FDAE-2D24-4E5F-947A-70153DB94DBB}"
EndProject
Project("{FAE04EC0-301F-11D3-BF4B-00C04F79EFBC}") = "Delegate", "Delegate\Delegate.csproj", "{BFEB0A90-047A-494B-AFD7-F84B5462C015}"
EndProject
Project("{FAE04EC0-301F-11D3-BF4B-00C04F79EFBC}") = "Sort", "Sort\Sort.csproj", "{B1B10680-ADFF-4D68-AA46-1E8EFF2300B3}"
EndProject
Project("{FAE04EC0-301F-11D3-BF4B-00C04F79EFBC}") = "Subscribe", "Subscribe\Subscribe.csproj", "{A030749F-C2E8-489F-A98B-3E54231A5A5A}"
EndProject
Project("{FAE04EC0-301F-11D3-BF4B-00C04F79EFBC}") = "Exception", "Exception\Exception.csproj", "{9994AEA7-A4AE-494B-8633-FB40B493DD75}"
EndProject
Project("{FAE04EC0-301F-11D3-BF4B-00C04F79EFBC}") = "Singleton", "Singleton\Singleton.csproj", "{4BFC21FD-8111-484C-841B-6F15C5558D4D}"
EndProject
Project("{FAE04EC0-301F-11D3-BF4B-00C04F79EFBC}") = "Array", "Array\Array.csproj", "{F4CCD46A-6F7F-4C96-ADE5-93206470A38C}"
EndProject
Project("{FAE04EC0-301F-11D3-BF4B-00C04F79EFBC}") = "LINQ", "LINQ\LINQ.csproj", "{C913BAC8-EB48-44B6-86C3-5452ACD3C8BB}"
EndProject
Project("{FAE04EC0-301F-11D3-BF4B-00C04F79EFBC}") = "AccessModifier", "AccessModifier\AccessModifier.csproj", "{9E995350-09B7-4F8D-974C-EC3E9FE7EAC3}"
EndProject
Project("{FAE04EC0-301F-11D3-BF4B-00C04F79EFBC}") = "Lock", "Lock\Lock.csproj", "{7FEC5BC2-6E8C-4834-BD9B-6C4B43420DCF}"
EndProject
Project("{FAE04EC0-301F-11D3-BF4B-00C04F79EFBC}") = "Cryptography", "Cryptography\Cryptography.csproj", "{BD1AB441-31CF-4EAE-8CA1-D53E6B61815D}"
EndProject
Project("{FAE04EC0-301F-11D3-BF4B-00C04F79EFBC}") = "Types", "Types\Types.csproj", "{BE395B26-884E-4D2D-A4E2-76C38CF7587F}"
EndProject
Project("{FAE04EC0-301F-11D3-BF4B-00C04F79EFBC}") = "Collections", "Collections\Collections.csproj", "{F392990D-F5C4-462C-B7B0-7B8C2771134E}"
EndProject
Project("{FAE04EC0-301F-11D3-BF4B-00C04F79EFBC}") = "Format", "Format\Format.csproj", "{4FB0E998-B6AB-4089-849E-7494DB8F4868}"
EndProject
Project("{FAE04EC0-301F-11D3-BF4B-00C04F79EFBC}") = "Polymorphism", "Polymorphism\Polymorphism.csproj", "{395FBB50-21C9-46C2-8D31-EC91CD31A229}"
EndProject
Project("{FAE04EC0-301F-11D3-BF4B-00C04F79EFBC}") = "WhatsApp", "WhatsApp\WhatsApp.csproj", "{74ACA278-DA2F-427E-A508-2768E6C42532}"
EndProject
Project("{FAE04EC0-301F-11D3-BF4B-00C04F79EFBC}") = "Event", "Event\Event.csproj", "{65B56E0A-BD3A-4279-A1A8-0CE253B9CFB9}"
EndProject
Project("{FAE04EC0-301F-11D3-BF4B-00C04F79EFBC}") = "SchemaFirstEF", "SchemaFirstEF\SchemaFirstEF.csproj", "{D77DE1EC-1B0A-441D-B1E0-066DDE5A6632}"
EndProject
Project("{FAE04EC0-301F-11D3-BF4B-00C04F79EFBC}") = "MVC", "MVC\MVC.csproj", "{1AB1A6E8-6245-4C39-AFD1-282EB79A3877}"
EndProject
Project("{FAE04EC0-301F-11D3-BF4B-00C04F79EFBC}") = "CSharp6", "CSharp6\CSharp6.csproj", "{9BBB072C-F7E4-4613-A1D7-B9A58ADB5CD9}"
EndProject
Project("{FAE04EC0-301F-11D3-BF4B-00C04F79EFBC}") = "Comparison", "Comparison\Comparison.csproj", "{D380DDC4-D8A7-4422-B90F-59C09E0DB0E2}"
EndProject
Project("{FAE04EC0-301F-11D3-BF4B-00C04F79EFBC}") = "TDD", "TDD\TDD.csproj", "{F8347F36-B7F2-43AA-BF68-EF2C4A625CFD}"
EndProject
Project("{FAE04EC0-301F-11D3-BF4B-00C04F79EFBC}") = "TDD.Tests", "TDD.Tests\TDD.Tests.csproj", "{9BA8B415-DC91-498B-B167-DDC0A1F3417B}"
EndProject
Project("{FAE04EC0-301F-11D3-BF4B-00C04F79EFBC}") = "CSV", "CSV\CSV.csproj", "{E2D6DB3C-20CC-475A-A964-0AA2DE5AB4D6}"
EndProject
Project("{FAE04EC0-301F-11D3-BF4B-00C04F79EFBC}") = "RenameFiles", "RenameFiles\RenameFiles.csproj", "{B1CC89BB-B678-46C8-9206-52727296ED14}"
EndProject
Project("{FAE04EC0-301F-11D3-BF4B-00C04F79EFBC}") = "FileChangeNotifier", "FileSystemWatcher\FileChangeNotifier.csproj", "{EB8FCEBE-2E39-4940-A610-D55DE55EB7EA}"
EndProject
Project("{FAE04EC0-301F-11D3-BF4B-00C04F79EFBC}") = "AutoMapper", "AutoMapper\AutoMapper.csproj", "{D34854AA-E3DA-4504-872F-7C0443D6C47E}"
EndProject
Project("{FAE04EC0-301F-11D3-BF4B-00C04F79EFBC}") = "Logger", "Logger\Logger.csproj", "{37453420-E752-4020-968B-B177AFCA0775}"
EndProject
Project("{FAE04EC0-301F-11D3-BF4B-00C04F79EFBC}") = "GeoLocation", "GeoLocation\GeoLocation.csproj", "{93DBDB5A-5C73-4AA6-8320-EA544AFAA2E2}"
EndProject
Project("{FAE04EC0-301F-11D3-BF4B-00C04F79EFBC}") = "GeoLocationWeb", "GeoLocationWeb\GeoLocationWeb.csproj", "{990AF111-3226-49B1-B877-8D5C1D51E8CF}"
EndProject
Project("{FAE04EC0-301F-11D3-BF4B-00C04F79EFBC}") = "GeoLocationWin", "GeoLocationWin\GeoLocationWin.csproj", "{A301489B-7414-426A-A509-D8973D35C48C}"
EndProject
Project("{FAE04EC0-301F-11D3-BF4B-00C04F79EFBC}") = "AJAX", "AJAX\AJAX.csproj", "{8F81777A-8A89-4D6B-9A32-6230D2570E53}"
EndProject
Global
	GlobalSection(SolutionConfigurationPlatforms) = preSolution
		Debug|Any CPU = Debug|Any CPU
		Debug|ARM = Debug|ARM
		Debug|x64 = Debug|x64
		Debug|x86 = Debug|x86
		Release|Any CPU = Release|Any CPU
		Release|ARM = Release|ARM
		Release|x64 = Release|x64
		Release|x86 = Release|x86
	EndGlobalSection
	GlobalSection(ProjectConfigurationPlatforms) = postSolution
		{09C83048-593C-4AD9-AC6E-6A9888C0D54F}.Debug|Any CPU.ActiveCfg = Debug|Any CPU
		{09C83048-593C-4AD9-AC6E-6A9888C0D54F}.Debug|Any CPU.Build.0 = Debug|Any CPU
		{09C83048-593C-4AD9-AC6E-6A9888C0D54F}.Debug|ARM.ActiveCfg = Debug|Any CPU
		{09C83048-593C-4AD9-AC6E-6A9888C0D54F}.Debug|x64.ActiveCfg = Debug|Any CPU
		{09C83048-593C-4AD9-AC6E-6A9888C0D54F}.Debug|x86.ActiveCfg = Debug|Any CPU
		{09C83048-593C-4AD9-AC6E-6A9888C0D54F}.Release|Any CPU.ActiveCfg = Release|Any CPU
		{09C83048-593C-4AD9-AC6E-6A9888C0D54F}.Release|Any CPU.Build.0 = Release|Any CPU
		{09C83048-593C-4AD9-AC6E-6A9888C0D54F}.Release|ARM.ActiveCfg = Release|Any CPU
		{09C83048-593C-4AD9-AC6E-6A9888C0D54F}.Release|x64.ActiveCfg = Release|Any CPU
		{09C83048-593C-4AD9-AC6E-6A9888C0D54F}.Release|x86.ActiveCfg = Release|Any CPU
		{635B09C9-07EE-4AB2-96FA-D81BB75B3664}.Debug|Any CPU.ActiveCfg = Debug|Any CPU
		{635B09C9-07EE-4AB2-96FA-D81BB75B3664}.Debug|Any CPU.Build.0 = Debug|Any CPU
		{635B09C9-07EE-4AB2-96FA-D81BB75B3664}.Debug|ARM.ActiveCfg = Debug|Any CPU
		{635B09C9-07EE-4AB2-96FA-D81BB75B3664}.Debug|x64.ActiveCfg = Debug|Any CPU
		{635B09C9-07EE-4AB2-96FA-D81BB75B3664}.Debug|x86.ActiveCfg = Debug|Any CPU
		{635B09C9-07EE-4AB2-96FA-D81BB75B3664}.Release|Any CPU.ActiveCfg = Release|Any CPU
		{635B09C9-07EE-4AB2-96FA-D81BB75B3664}.Release|Any CPU.Build.0 = Release|Any CPU
		{635B09C9-07EE-4AB2-96FA-D81BB75B3664}.Release|ARM.ActiveCfg = Release|Any CPU
		{635B09C9-07EE-4AB2-96FA-D81BB75B3664}.Release|x64.ActiveCfg = Release|Any CPU
		{635B09C9-07EE-4AB2-96FA-D81BB75B3664}.Release|x86.ActiveCfg = Release|Any CPU
		{D7CB2DF9-D8BF-461A-9656-CA9EE954A18F}.Debug|Any CPU.ActiveCfg = Debug|Any CPU
		{D7CB2DF9-D8BF-461A-9656-CA9EE954A18F}.Debug|Any CPU.Build.0 = Debug|Any CPU
		{D7CB2DF9-D8BF-461A-9656-CA9EE954A18F}.Debug|ARM.ActiveCfg = Debug|Any CPU
		{D7CB2DF9-D8BF-461A-9656-CA9EE954A18F}.Debug|x64.ActiveCfg = Debug|Any CPU
		{D7CB2DF9-D8BF-461A-9656-CA9EE954A18F}.Debug|x86.ActiveCfg = Debug|Any CPU
		{D7CB2DF9-D8BF-461A-9656-CA9EE954A18F}.Release|Any CPU.ActiveCfg = Release|Any CPU
		{D7CB2DF9-D8BF-461A-9656-CA9EE954A18F}.Release|Any CPU.Build.0 = Release|Any CPU
		{D7CB2DF9-D8BF-461A-9656-CA9EE954A18F}.Release|ARM.ActiveCfg = Release|Any CPU
		{D7CB2DF9-D8BF-461A-9656-CA9EE954A18F}.Release|x64.ActiveCfg = Release|Any CPU
		{D7CB2DF9-D8BF-461A-9656-CA9EE954A18F}.Release|x86.ActiveCfg = Release|Any CPU
		{C9A1B2A1-E117-4039-A47E-AAA37F88A014}.Debug|Any CPU.ActiveCfg = Debug|Any CPU
		{C9A1B2A1-E117-4039-A47E-AAA37F88A014}.Debug|Any CPU.Build.0 = Debug|Any CPU
		{C9A1B2A1-E117-4039-A47E-AAA37F88A014}.Debug|ARM.ActiveCfg = Debug|Any CPU
		{C9A1B2A1-E117-4039-A47E-AAA37F88A014}.Debug|x64.ActiveCfg = Debug|Any CPU
		{C9A1B2A1-E117-4039-A47E-AAA37F88A014}.Debug|x86.ActiveCfg = Debug|Any CPU
		{C9A1B2A1-E117-4039-A47E-AAA37F88A014}.Release|Any CPU.ActiveCfg = Release|Any CPU
		{C9A1B2A1-E117-4039-A47E-AAA37F88A014}.Release|Any CPU.Build.0 = Release|Any CPU
		{C9A1B2A1-E117-4039-A47E-AAA37F88A014}.Release|ARM.ActiveCfg = Release|Any CPU
		{C9A1B2A1-E117-4039-A47E-AAA37F88A014}.Release|x64.ActiveCfg = Release|Any CPU
		{C9A1B2A1-E117-4039-A47E-AAA37F88A014}.Release|x86.ActiveCfg = Release|Any CPU
		{87959471-028A-4915-BFFB-D4FA94516E48}.Debug|Any CPU.ActiveCfg = Debug|Any CPU
		{87959471-028A-4915-BFFB-D4FA94516E48}.Debug|Any CPU.Build.0 = Debug|Any CPU
		{87959471-028A-4915-BFFB-D4FA94516E48}.Debug|ARM.ActiveCfg = Debug|Any CPU
		{87959471-028A-4915-BFFB-D4FA94516E48}.Debug|x64.ActiveCfg = Debug|Any CPU
		{87959471-028A-4915-BFFB-D4FA94516E48}.Debug|x86.ActiveCfg = Debug|Any CPU
		{87959471-028A-4915-BFFB-D4FA94516E48}.Release|Any CPU.ActiveCfg = Release|Any CPU
		{87959471-028A-4915-BFFB-D4FA94516E48}.Release|Any CPU.Build.0 = Release|Any CPU
		{87959471-028A-4915-BFFB-D4FA94516E48}.Release|ARM.ActiveCfg = Release|Any CPU
		{87959471-028A-4915-BFFB-D4FA94516E48}.Release|x64.ActiveCfg = Release|Any CPU
		{87959471-028A-4915-BFFB-D4FA94516E48}.Release|x86.ActiveCfg = Release|Any CPU
		{22992DB6-03CB-4AB9-B832-3D496ECABD40}.Debug|Any CPU.ActiveCfg = Debug|Any CPU
		{22992DB6-03CB-4AB9-B832-3D496ECABD40}.Debug|Any CPU.Build.0 = Debug|Any CPU
		{22992DB6-03CB-4AB9-B832-3D496ECABD40}.Debug|ARM.ActiveCfg = Debug|Any CPU
		{22992DB6-03CB-4AB9-B832-3D496ECABD40}.Debug|x64.ActiveCfg = Debug|Any CPU
		{22992DB6-03CB-4AB9-B832-3D496ECABD40}.Debug|x86.ActiveCfg = Debug|Any CPU
		{22992DB6-03CB-4AB9-B832-3D496ECABD40}.Release|Any CPU.ActiveCfg = Release|Any CPU
		{22992DB6-03CB-4AB9-B832-3D496ECABD40}.Release|Any CPU.Build.0 = Release|Any CPU
		{22992DB6-03CB-4AB9-B832-3D496ECABD40}.Release|ARM.ActiveCfg = Release|Any CPU
		{22992DB6-03CB-4AB9-B832-3D496ECABD40}.Release|x64.ActiveCfg = Release|Any CPU
		{22992DB6-03CB-4AB9-B832-3D496ECABD40}.Release|x86.ActiveCfg = Release|Any CPU
		{46EC8F9A-9339-44C9-8936-FCD048832ECB}.Debug|Any CPU.ActiveCfg = Debug|Any CPU
		{46EC8F9A-9339-44C9-8936-FCD048832ECB}.Debug|Any CPU.Build.0 = Debug|Any CPU
		{46EC8F9A-9339-44C9-8936-FCD048832ECB}.Debug|ARM.ActiveCfg = Debug|Any CPU
		{46EC8F9A-9339-44C9-8936-FCD048832ECB}.Debug|x64.ActiveCfg = Debug|Any CPU
		{46EC8F9A-9339-44C9-8936-FCD048832ECB}.Debug|x86.ActiveCfg = Debug|Any CPU
		{46EC8F9A-9339-44C9-8936-FCD048832ECB}.Release|Any CPU.ActiveCfg = Release|Any CPU
		{46EC8F9A-9339-44C9-8936-FCD048832ECB}.Release|Any CPU.Build.0 = Release|Any CPU
		{46EC8F9A-9339-44C9-8936-FCD048832ECB}.Release|ARM.ActiveCfg = Release|Any CPU
		{46EC8F9A-9339-44C9-8936-FCD048832ECB}.Release|x64.ActiveCfg = Release|Any CPU
		{46EC8F9A-9339-44C9-8936-FCD048832ECB}.Release|x86.ActiveCfg = Release|Any CPU
		{1A914B06-9AFE-4239-B698-3615C6F5AE88}.Debug|Any CPU.ActiveCfg = Debug|Any CPU
		{1A914B06-9AFE-4239-B698-3615C6F5AE88}.Debug|Any CPU.Build.0 = Debug|Any CPU
		{1A914B06-9AFE-4239-B698-3615C6F5AE88}.Debug|ARM.ActiveCfg = Debug|Any CPU
		{1A914B06-9AFE-4239-B698-3615C6F5AE88}.Debug|x64.ActiveCfg = Debug|Any CPU
		{1A914B06-9AFE-4239-B698-3615C6F5AE88}.Debug|x86.ActiveCfg = Debug|Any CPU
		{1A914B06-9AFE-4239-B698-3615C6F5AE88}.Release|Any CPU.ActiveCfg = Release|Any CPU
		{1A914B06-9AFE-4239-B698-3615C6F5AE88}.Release|Any CPU.Build.0 = Release|Any CPU
		{1A914B06-9AFE-4239-B698-3615C6F5AE88}.Release|ARM.ActiveCfg = Release|Any CPU
		{1A914B06-9AFE-4239-B698-3615C6F5AE88}.Release|x64.ActiveCfg = Release|Any CPU
		{1A914B06-9AFE-4239-B698-3615C6F5AE88}.Release|x86.ActiveCfg = Release|Any CPU
		{BABF5323-3116-4DB6-8EBC-7F0F8EF2DA96}.Debug|Any CPU.ActiveCfg = Debug|Any CPU
		{BABF5323-3116-4DB6-8EBC-7F0F8EF2DA96}.Debug|Any CPU.Build.0 = Debug|Any CPU
		{BABF5323-3116-4DB6-8EBC-7F0F8EF2DA96}.Debug|ARM.ActiveCfg = Debug|Any CPU
		{BABF5323-3116-4DB6-8EBC-7F0F8EF2DA96}.Debug|x64.ActiveCfg = Debug|Any CPU
		{BABF5323-3116-4DB6-8EBC-7F0F8EF2DA96}.Debug|x86.ActiveCfg = Debug|Any CPU
		{BABF5323-3116-4DB6-8EBC-7F0F8EF2DA96}.Release|Any CPU.ActiveCfg = Release|Any CPU
		{BABF5323-3116-4DB6-8EBC-7F0F8EF2DA96}.Release|Any CPU.Build.0 = Release|Any CPU
		{BABF5323-3116-4DB6-8EBC-7F0F8EF2DA96}.Release|ARM.ActiveCfg = Release|Any CPU
		{BABF5323-3116-4DB6-8EBC-7F0F8EF2DA96}.Release|x64.ActiveCfg = Release|Any CPU
		{BABF5323-3116-4DB6-8EBC-7F0F8EF2DA96}.Release|x86.ActiveCfg = Release|Any CPU
		{17E5BBE4-5AD2-4132-9978-10A8450B26BA}.Debug|Any CPU.ActiveCfg = Debug|Any CPU
		{17E5BBE4-5AD2-4132-9978-10A8450B26BA}.Debug|Any CPU.Build.0 = Debug|Any CPU
		{17E5BBE4-5AD2-4132-9978-10A8450B26BA}.Debug|ARM.ActiveCfg = Debug|Any CPU
		{17E5BBE4-5AD2-4132-9978-10A8450B26BA}.Debug|x64.ActiveCfg = Debug|Any CPU
		{17E5BBE4-5AD2-4132-9978-10A8450B26BA}.Debug|x86.ActiveCfg = Debug|Any CPU
		{17E5BBE4-5AD2-4132-9978-10A8450B26BA}.Release|Any CPU.ActiveCfg = Release|Any CPU
		{17E5BBE4-5AD2-4132-9978-10A8450B26BA}.Release|Any CPU.Build.0 = Release|Any CPU
		{17E5BBE4-5AD2-4132-9978-10A8450B26BA}.Release|ARM.ActiveCfg = Release|Any CPU
		{17E5BBE4-5AD2-4132-9978-10A8450B26BA}.Release|x64.ActiveCfg = Release|Any CPU
		{17E5BBE4-5AD2-4132-9978-10A8450B26BA}.Release|x86.ActiveCfg = Release|Any CPU
		{AAFF0288-E2FB-4133-8998-22003D977B0B}.Debug|Any CPU.ActiveCfg = Debug|Any CPU
		{AAFF0288-E2FB-4133-8998-22003D977B0B}.Debug|Any CPU.Build.0 = Debug|Any CPU
		{AAFF0288-E2FB-4133-8998-22003D977B0B}.Debug|ARM.ActiveCfg = Debug|Any CPU
		{AAFF0288-E2FB-4133-8998-22003D977B0B}.Debug|x64.ActiveCfg = Debug|Any CPU
		{AAFF0288-E2FB-4133-8998-22003D977B0B}.Debug|x86.ActiveCfg = Debug|Any CPU
		{AAFF0288-E2FB-4133-8998-22003D977B0B}.Release|Any CPU.ActiveCfg = Release|Any CPU
		{AAFF0288-E2FB-4133-8998-22003D977B0B}.Release|Any CPU.Build.0 = Release|Any CPU
		{AAFF0288-E2FB-4133-8998-22003D977B0B}.Release|ARM.ActiveCfg = Release|Any CPU
		{AAFF0288-E2FB-4133-8998-22003D977B0B}.Release|x64.ActiveCfg = Release|Any CPU
		{AAFF0288-E2FB-4133-8998-22003D977B0B}.Release|x86.ActiveCfg = Release|Any CPU
		{F712FDAE-2D24-4E5F-947A-70153DB94DBB}.Debug|Any CPU.ActiveCfg = Debug|Any CPU
		{F712FDAE-2D24-4E5F-947A-70153DB94DBB}.Debug|Any CPU.Build.0 = Debug|Any CPU
		{F712FDAE-2D24-4E5F-947A-70153DB94DBB}.Debug|ARM.ActiveCfg = Debug|Any CPU
		{F712FDAE-2D24-4E5F-947A-70153DB94DBB}.Debug|x64.ActiveCfg = Debug|Any CPU
		{F712FDAE-2D24-4E5F-947A-70153DB94DBB}.Debug|x86.ActiveCfg = Debug|Any CPU
		{F712FDAE-2D24-4E5F-947A-70153DB94DBB}.Release|Any CPU.ActiveCfg = Release|Any CPU
		{F712FDAE-2D24-4E5F-947A-70153DB94DBB}.Release|Any CPU.Build.0 = Release|Any CPU
		{F712FDAE-2D24-4E5F-947A-70153DB94DBB}.Release|ARM.ActiveCfg = Release|Any CPU
		{F712FDAE-2D24-4E5F-947A-70153DB94DBB}.Release|x64.ActiveCfg = Release|Any CPU
		{F712FDAE-2D24-4E5F-947A-70153DB94DBB}.Release|x86.ActiveCfg = Release|Any CPU
		{BFEB0A90-047A-494B-AFD7-F84B5462C015}.Debug|Any CPU.ActiveCfg = Debug|Any CPU
		{BFEB0A90-047A-494B-AFD7-F84B5462C015}.Debug|Any CPU.Build.0 = Debug|Any CPU
		{BFEB0A90-047A-494B-AFD7-F84B5462C015}.Debug|ARM.ActiveCfg = Debug|Any CPU
		{BFEB0A90-047A-494B-AFD7-F84B5462C015}.Debug|x64.ActiveCfg = Debug|Any CPU
		{BFEB0A90-047A-494B-AFD7-F84B5462C015}.Debug|x86.ActiveCfg = Debug|Any CPU
		{BFEB0A90-047A-494B-AFD7-F84B5462C015}.Release|Any CPU.ActiveCfg = Release|Any CPU
		{BFEB0A90-047A-494B-AFD7-F84B5462C015}.Release|Any CPU.Build.0 = Release|Any CPU
		{BFEB0A90-047A-494B-AFD7-F84B5462C015}.Release|ARM.ActiveCfg = Release|Any CPU
		{BFEB0A90-047A-494B-AFD7-F84B5462C015}.Release|x64.ActiveCfg = Release|Any CPU
		{BFEB0A90-047A-494B-AFD7-F84B5462C015}.Release|x86.ActiveCfg = Release|Any CPU
		{B1B10680-ADFF-4D68-AA46-1E8EFF2300B3}.Debug|Any CPU.ActiveCfg = Debug|Any CPU
		{B1B10680-ADFF-4D68-AA46-1E8EFF2300B3}.Debug|Any CPU.Build.0 = Debug|Any CPU
		{B1B10680-ADFF-4D68-AA46-1E8EFF2300B3}.Debug|ARM.ActiveCfg = Debug|Any CPU
		{B1B10680-ADFF-4D68-AA46-1E8EFF2300B3}.Debug|x64.ActiveCfg = Debug|Any CPU
		{B1B10680-ADFF-4D68-AA46-1E8EFF2300B3}.Debug|x86.ActiveCfg = Debug|Any CPU
		{B1B10680-ADFF-4D68-AA46-1E8EFF2300B3}.Release|Any CPU.ActiveCfg = Release|Any CPU
		{B1B10680-ADFF-4D68-AA46-1E8EFF2300B3}.Release|Any CPU.Build.0 = Release|Any CPU
		{B1B10680-ADFF-4D68-AA46-1E8EFF2300B3}.Release|ARM.ActiveCfg = Release|Any CPU
		{B1B10680-ADFF-4D68-AA46-1E8EFF2300B3}.Release|x64.ActiveCfg = Release|Any CPU
		{B1B10680-ADFF-4D68-AA46-1E8EFF2300B3}.Release|x86.ActiveCfg = Release|Any CPU
		{A030749F-C2E8-489F-A98B-3E54231A5A5A}.Debug|Any CPU.ActiveCfg = Debug|Any CPU
		{A030749F-C2E8-489F-A98B-3E54231A5A5A}.Debug|Any CPU.Build.0 = Debug|Any CPU
		{A030749F-C2E8-489F-A98B-3E54231A5A5A}.Debug|ARM.ActiveCfg = Debug|Any CPU
		{A030749F-C2E8-489F-A98B-3E54231A5A5A}.Debug|x64.ActiveCfg = Debug|Any CPU
		{A030749F-C2E8-489F-A98B-3E54231A5A5A}.Debug|x86.ActiveCfg = Debug|Any CPU
		{A030749F-C2E8-489F-A98B-3E54231A5A5A}.Release|Any CPU.ActiveCfg = Release|Any CPU
		{A030749F-C2E8-489F-A98B-3E54231A5A5A}.Release|Any CPU.Build.0 = Release|Any CPU
		{A030749F-C2E8-489F-A98B-3E54231A5A5A}.Release|ARM.ActiveCfg = Release|Any CPU
		{A030749F-C2E8-489F-A98B-3E54231A5A5A}.Release|x64.ActiveCfg = Release|Any CPU
		{A030749F-C2E8-489F-A98B-3E54231A5A5A}.Release|x86.ActiveCfg = Release|Any CPU
		{9994AEA7-A4AE-494B-8633-FB40B493DD75}.Debug|Any CPU.ActiveCfg = Debug|Any CPU
		{9994AEA7-A4AE-494B-8633-FB40B493DD75}.Debug|Any CPU.Build.0 = Debug|Any CPU
		{9994AEA7-A4AE-494B-8633-FB40B493DD75}.Debug|ARM.ActiveCfg = Debug|Any CPU
		{9994AEA7-A4AE-494B-8633-FB40B493DD75}.Debug|x64.ActiveCfg = Debug|Any CPU
		{9994AEA7-A4AE-494B-8633-FB40B493DD75}.Debug|x86.ActiveCfg = Debug|Any CPU
		{9994AEA7-A4AE-494B-8633-FB40B493DD75}.Release|Any CPU.ActiveCfg = Release|Any CPU
		{9994AEA7-A4AE-494B-8633-FB40B493DD75}.Release|Any CPU.Build.0 = Release|Any CPU
		{9994AEA7-A4AE-494B-8633-FB40B493DD75}.Release|ARM.ActiveCfg = Release|Any CPU
		{9994AEA7-A4AE-494B-8633-FB40B493DD75}.Release|x64.ActiveCfg = Release|Any CPU
		{9994AEA7-A4AE-494B-8633-FB40B493DD75}.Release|x86.ActiveCfg = Release|Any CPU
		{4BFC21FD-8111-484C-841B-6F15C5558D4D}.Debug|Any CPU.ActiveCfg = Debug|Any CPU
		{4BFC21FD-8111-484C-841B-6F15C5558D4D}.Debug|Any CPU.Build.0 = Debug|Any CPU
		{4BFC21FD-8111-484C-841B-6F15C5558D4D}.Debug|ARM.ActiveCfg = Debug|Any CPU
		{4BFC21FD-8111-484C-841B-6F15C5558D4D}.Debug|x64.ActiveCfg = Debug|Any CPU
		{4BFC21FD-8111-484C-841B-6F15C5558D4D}.Debug|x86.ActiveCfg = Debug|Any CPU
		{4BFC21FD-8111-484C-841B-6F15C5558D4D}.Release|Any CPU.ActiveCfg = Release|Any CPU
		{4BFC21FD-8111-484C-841B-6F15C5558D4D}.Release|Any CPU.Build.0 = Release|Any CPU
		{4BFC21FD-8111-484C-841B-6F15C5558D4D}.Release|ARM.ActiveCfg = Release|Any CPU
		{4BFC21FD-8111-484C-841B-6F15C5558D4D}.Release|x64.ActiveCfg = Release|Any CPU
		{4BFC21FD-8111-484C-841B-6F15C5558D4D}.Release|x86.ActiveCfg = Release|Any CPU
		{F4CCD46A-6F7F-4C96-ADE5-93206470A38C}.Debug|Any CPU.ActiveCfg = Debug|Any CPU
		{F4CCD46A-6F7F-4C96-ADE5-93206470A38C}.Debug|Any CPU.Build.0 = Debug|Any CPU
		{F4CCD46A-6F7F-4C96-ADE5-93206470A38C}.Debug|ARM.ActiveCfg = Debug|Any CPU
		{F4CCD46A-6F7F-4C96-ADE5-93206470A38C}.Debug|x64.ActiveCfg = Debug|Any CPU
		{F4CCD46A-6F7F-4C96-ADE5-93206470A38C}.Debug|x86.ActiveCfg = Debug|Any CPU
		{F4CCD46A-6F7F-4C96-ADE5-93206470A38C}.Release|Any CPU.ActiveCfg = Release|Any CPU
		{F4CCD46A-6F7F-4C96-ADE5-93206470A38C}.Release|Any CPU.Build.0 = Release|Any CPU
		{F4CCD46A-6F7F-4C96-ADE5-93206470A38C}.Release|ARM.ActiveCfg = Release|Any CPU
		{F4CCD46A-6F7F-4C96-ADE5-93206470A38C}.Release|x64.ActiveCfg = Release|Any CPU
		{F4CCD46A-6F7F-4C96-ADE5-93206470A38C}.Release|x86.ActiveCfg = Release|Any CPU
		{C913BAC8-EB48-44B6-86C3-5452ACD3C8BB}.Debug|Any CPU.ActiveCfg = Debug|Any CPU
		{C913BAC8-EB48-44B6-86C3-5452ACD3C8BB}.Debug|Any CPU.Build.0 = Debug|Any CPU
		{C913BAC8-EB48-44B6-86C3-5452ACD3C8BB}.Debug|ARM.ActiveCfg = Debug|Any CPU
		{C913BAC8-EB48-44B6-86C3-5452ACD3C8BB}.Debug|x64.ActiveCfg = Debug|Any CPU
		{C913BAC8-EB48-44B6-86C3-5452ACD3C8BB}.Debug|x86.ActiveCfg = Debug|Any CPU
		{C913BAC8-EB48-44B6-86C3-5452ACD3C8BB}.Release|Any CPU.ActiveCfg = Release|Any CPU
		{C913BAC8-EB48-44B6-86C3-5452ACD3C8BB}.Release|Any CPU.Build.0 = Release|Any CPU
		{C913BAC8-EB48-44B6-86C3-5452ACD3C8BB}.Release|ARM.ActiveCfg = Release|Any CPU
		{C913BAC8-EB48-44B6-86C3-5452ACD3C8BB}.Release|x64.ActiveCfg = Release|Any CPU
		{C913BAC8-EB48-44B6-86C3-5452ACD3C8BB}.Release|x86.ActiveCfg = Release|Any CPU
		{9E995350-09B7-4F8D-974C-EC3E9FE7EAC3}.Debug|Any CPU.ActiveCfg = Debug|Any CPU
		{9E995350-09B7-4F8D-974C-EC3E9FE7EAC3}.Debug|Any CPU.Build.0 = Debug|Any CPU
		{9E995350-09B7-4F8D-974C-EC3E9FE7EAC3}.Debug|ARM.ActiveCfg = Debug|Any CPU
		{9E995350-09B7-4F8D-974C-EC3E9FE7EAC3}.Debug|x64.ActiveCfg = Debug|Any CPU
		{9E995350-09B7-4F8D-974C-EC3E9FE7EAC3}.Debug|x86.ActiveCfg = Debug|Any CPU
		{9E995350-09B7-4F8D-974C-EC3E9FE7EAC3}.Release|Any CPU.ActiveCfg = Release|Any CPU
		{9E995350-09B7-4F8D-974C-EC3E9FE7EAC3}.Release|Any CPU.Build.0 = Release|Any CPU
		{9E995350-09B7-4F8D-974C-EC3E9FE7EAC3}.Release|ARM.ActiveCfg = Release|Any CPU
		{9E995350-09B7-4F8D-974C-EC3E9FE7EAC3}.Release|x64.ActiveCfg = Release|Any CPU
		{9E995350-09B7-4F8D-974C-EC3E9FE7EAC3}.Release|x86.ActiveCfg = Release|Any CPU
		{7FEC5BC2-6E8C-4834-BD9B-6C4B43420DCF}.Debug|Any CPU.ActiveCfg = Debug|Any CPU
		{7FEC5BC2-6E8C-4834-BD9B-6C4B43420DCF}.Debug|Any CPU.Build.0 = Debug|Any CPU
		{7FEC5BC2-6E8C-4834-BD9B-6C4B43420DCF}.Debug|ARM.ActiveCfg = Debug|Any CPU
		{7FEC5BC2-6E8C-4834-BD9B-6C4B43420DCF}.Debug|x64.ActiveCfg = Debug|Any CPU
		{7FEC5BC2-6E8C-4834-BD9B-6C4B43420DCF}.Debug|x86.ActiveCfg = Debug|Any CPU
		{7FEC5BC2-6E8C-4834-BD9B-6C4B43420DCF}.Release|Any CPU.ActiveCfg = Release|Any CPU
		{7FEC5BC2-6E8C-4834-BD9B-6C4B43420DCF}.Release|Any CPU.Build.0 = Release|Any CPU
		{7FEC5BC2-6E8C-4834-BD9B-6C4B43420DCF}.Release|ARM.ActiveCfg = Release|Any CPU
		{7FEC5BC2-6E8C-4834-BD9B-6C4B43420DCF}.Release|x64.ActiveCfg = Release|Any CPU
		{7FEC5BC2-6E8C-4834-BD9B-6C4B43420DCF}.Release|x86.ActiveCfg = Release|Any CPU
		{BD1AB441-31CF-4EAE-8CA1-D53E6B61815D}.Debug|Any CPU.ActiveCfg = Debug|Any CPU
		{BD1AB441-31CF-4EAE-8CA1-D53E6B61815D}.Debug|Any CPU.Build.0 = Debug|Any CPU
		{BD1AB441-31CF-4EAE-8CA1-D53E6B61815D}.Debug|ARM.ActiveCfg = Debug|Any CPU
		{BD1AB441-31CF-4EAE-8CA1-D53E6B61815D}.Debug|x64.ActiveCfg = Debug|Any CPU
		{BD1AB441-31CF-4EAE-8CA1-D53E6B61815D}.Debug|x86.ActiveCfg = Debug|Any CPU
		{BD1AB441-31CF-4EAE-8CA1-D53E6B61815D}.Release|Any CPU.ActiveCfg = Release|Any CPU
		{BD1AB441-31CF-4EAE-8CA1-D53E6B61815D}.Release|Any CPU.Build.0 = Release|Any CPU
		{BD1AB441-31CF-4EAE-8CA1-D53E6B61815D}.Release|ARM.ActiveCfg = Release|Any CPU
		{BD1AB441-31CF-4EAE-8CA1-D53E6B61815D}.Release|x64.ActiveCfg = Release|Any CPU
		{BD1AB441-31CF-4EAE-8CA1-D53E6B61815D}.Release|x86.ActiveCfg = Release|Any CPU
		{BE395B26-884E-4D2D-A4E2-76C38CF7587F}.Debug|Any CPU.ActiveCfg = Debug|Any CPU
		{BE395B26-884E-4D2D-A4E2-76C38CF7587F}.Debug|Any CPU.Build.0 = Debug|Any CPU
		{BE395B26-884E-4D2D-A4E2-76C38CF7587F}.Debug|ARM.ActiveCfg = Debug|Any CPU
		{BE395B26-884E-4D2D-A4E2-76C38CF7587F}.Debug|x64.ActiveCfg = Debug|Any CPU
		{BE395B26-884E-4D2D-A4E2-76C38CF7587F}.Debug|x86.ActiveCfg = Debug|Any CPU
		{BE395B26-884E-4D2D-A4E2-76C38CF7587F}.Release|Any CPU.ActiveCfg = Release|Any CPU
		{BE395B26-884E-4D2D-A4E2-76C38CF7587F}.Release|Any CPU.Build.0 = Release|Any CPU
		{BE395B26-884E-4D2D-A4E2-76C38CF7587F}.Release|ARM.ActiveCfg = Release|Any CPU
		{BE395B26-884E-4D2D-A4E2-76C38CF7587F}.Release|x64.ActiveCfg = Release|Any CPU
		{BE395B26-884E-4D2D-A4E2-76C38CF7587F}.Release|x86.ActiveCfg = Release|Any CPU
		{F392990D-F5C4-462C-B7B0-7B8C2771134E}.Debug|Any CPU.ActiveCfg = Debug|Any CPU
		{F392990D-F5C4-462C-B7B0-7B8C2771134E}.Debug|Any CPU.Build.0 = Debug|Any CPU
		{F392990D-F5C4-462C-B7B0-7B8C2771134E}.Debug|ARM.ActiveCfg = Debug|Any CPU
		{F392990D-F5C4-462C-B7B0-7B8C2771134E}.Debug|x64.ActiveCfg = Debug|Any CPU
		{F392990D-F5C4-462C-B7B0-7B8C2771134E}.Debug|x86.ActiveCfg = Debug|Any CPU
		{F392990D-F5C4-462C-B7B0-7B8C2771134E}.Release|Any CPU.ActiveCfg = Release|Any CPU
		{F392990D-F5C4-462C-B7B0-7B8C2771134E}.Release|Any CPU.Build.0 = Release|Any CPU
		{F392990D-F5C4-462C-B7B0-7B8C2771134E}.Release|ARM.ActiveCfg = Release|Any CPU
		{F392990D-F5C4-462C-B7B0-7B8C2771134E}.Release|x64.ActiveCfg = Release|Any CPU
		{F392990D-F5C4-462C-B7B0-7B8C2771134E}.Release|x86.ActiveCfg = Release|Any CPU
		{4FB0E998-B6AB-4089-849E-7494DB8F4868}.Debug|Any CPU.ActiveCfg = Debug|Any CPU
		{4FB0E998-B6AB-4089-849E-7494DB8F4868}.Debug|Any CPU.Build.0 = Debug|Any CPU
		{4FB0E998-B6AB-4089-849E-7494DB8F4868}.Debug|ARM.ActiveCfg = Debug|Any CPU
		{4FB0E998-B6AB-4089-849E-7494DB8F4868}.Debug|x64.ActiveCfg = Debug|Any CPU
		{4FB0E998-B6AB-4089-849E-7494DB8F4868}.Debug|x86.ActiveCfg = Debug|Any CPU
		{4FB0E998-B6AB-4089-849E-7494DB8F4868}.Release|Any CPU.ActiveCfg = Release|Any CPU
		{4FB0E998-B6AB-4089-849E-7494DB8F4868}.Release|Any CPU.Build.0 = Release|Any CPU
		{4FB0E998-B6AB-4089-849E-7494DB8F4868}.Release|ARM.ActiveCfg = Release|Any CPU
		{4FB0E998-B6AB-4089-849E-7494DB8F4868}.Release|x64.ActiveCfg = Release|Any CPU
		{4FB0E998-B6AB-4089-849E-7494DB8F4868}.Release|x86.ActiveCfg = Release|Any CPU
		{395FBB50-21C9-46C2-8D31-EC91CD31A229}.Debug|Any CPU.ActiveCfg = Debug|Any CPU
		{395FBB50-21C9-46C2-8D31-EC91CD31A229}.Debug|Any CPU.Build.0 = Debug|Any CPU
		{395FBB50-21C9-46C2-8D31-EC91CD31A229}.Debug|ARM.ActiveCfg = Debug|Any CPU
		{395FBB50-21C9-46C2-8D31-EC91CD31A229}.Debug|x64.ActiveCfg = Debug|Any CPU
		{395FBB50-21C9-46C2-8D31-EC91CD31A229}.Debug|x86.ActiveCfg = Debug|Any CPU
		{395FBB50-21C9-46C2-8D31-EC91CD31A229}.Release|Any CPU.ActiveCfg = Release|Any CPU
		{395FBB50-21C9-46C2-8D31-EC91CD31A229}.Release|Any CPU.Build.0 = Release|Any CPU
		{395FBB50-21C9-46C2-8D31-EC91CD31A229}.Release|ARM.ActiveCfg = Release|Any CPU
		{395FBB50-21C9-46C2-8D31-EC91CD31A229}.Release|x64.ActiveCfg = Release|Any CPU
		{395FBB50-21C9-46C2-8D31-EC91CD31A229}.Release|x86.ActiveCfg = Release|Any CPU
		{74ACA278-DA2F-427E-A508-2768E6C42532}.Debug|Any CPU.ActiveCfg = Debug|Any CPU
		{74ACA278-DA2F-427E-A508-2768E6C42532}.Debug|Any CPU.Build.0 = Debug|Any CPU
		{74ACA278-DA2F-427E-A508-2768E6C42532}.Debug|ARM.ActiveCfg = Debug|Any CPU
		{74ACA278-DA2F-427E-A508-2768E6C42532}.Debug|x64.ActiveCfg = Debug|Any CPU
		{74ACA278-DA2F-427E-A508-2768E6C42532}.Debug|x86.ActiveCfg = Debug|Any CPU
		{74ACA278-DA2F-427E-A508-2768E6C42532}.Release|Any CPU.ActiveCfg = Release|Any CPU
		{74ACA278-DA2F-427E-A508-2768E6C42532}.Release|Any CPU.Build.0 = Release|Any CPU
		{74ACA278-DA2F-427E-A508-2768E6C42532}.Release|ARM.ActiveCfg = Release|Any CPU
		{74ACA278-DA2F-427E-A508-2768E6C42532}.Release|x64.ActiveCfg = Release|Any CPU
		{74ACA278-DA2F-427E-A508-2768E6C42532}.Release|x86.ActiveCfg = Release|Any CPU
		{65B56E0A-BD3A-4279-A1A8-0CE253B9CFB9}.Debug|Any CPU.ActiveCfg = Debug|Any CPU
		{65B56E0A-BD3A-4279-A1A8-0CE253B9CFB9}.Debug|Any CPU.Build.0 = Debug|Any CPU
		{65B56E0A-BD3A-4279-A1A8-0CE253B9CFB9}.Debug|ARM.ActiveCfg = Debug|Any CPU
		{65B56E0A-BD3A-4279-A1A8-0CE253B9CFB9}.Debug|x64.ActiveCfg = Debug|Any CPU
		{65B56E0A-BD3A-4279-A1A8-0CE253B9CFB9}.Debug|x86.ActiveCfg = Debug|Any CPU
		{65B56E0A-BD3A-4279-A1A8-0CE253B9CFB9}.Release|Any CPU.ActiveCfg = Release|Any CPU
		{65B56E0A-BD3A-4279-A1A8-0CE253B9CFB9}.Release|Any CPU.Build.0 = Release|Any CPU
		{65B56E0A-BD3A-4279-A1A8-0CE253B9CFB9}.Release|ARM.ActiveCfg = Release|Any CPU
		{65B56E0A-BD3A-4279-A1A8-0CE253B9CFB9}.Release|x64.ActiveCfg = Release|Any CPU
		{65B56E0A-BD3A-4279-A1A8-0CE253B9CFB9}.Release|x86.ActiveCfg = Release|Any CPU
		{D77DE1EC-1B0A-441D-B1E0-066DDE5A6632}.Debug|Any CPU.ActiveCfg = Debug|Any CPU
		{D77DE1EC-1B0A-441D-B1E0-066DDE5A6632}.Debug|Any CPU.Build.0 = Debug|Any CPU
		{D77DE1EC-1B0A-441D-B1E0-066DDE5A6632}.Debug|ARM.ActiveCfg = Debug|Any CPU
		{D77DE1EC-1B0A-441D-B1E0-066DDE5A6632}.Debug|x64.ActiveCfg = Debug|Any CPU
		{D77DE1EC-1B0A-441D-B1E0-066DDE5A6632}.Debug|x86.ActiveCfg = Debug|Any CPU
		{D77DE1EC-1B0A-441D-B1E0-066DDE5A6632}.Release|Any CPU.ActiveCfg = Release|Any CPU
		{D77DE1EC-1B0A-441D-B1E0-066DDE5A6632}.Release|Any CPU.Build.0 = Release|Any CPU
		{D77DE1EC-1B0A-441D-B1E0-066DDE5A6632}.Release|ARM.ActiveCfg = Release|Any CPU
		{D77DE1EC-1B0A-441D-B1E0-066DDE5A6632}.Release|x64.ActiveCfg = Release|Any CPU
		{D77DE1EC-1B0A-441D-B1E0-066DDE5A6632}.Release|x86.ActiveCfg = Release|Any CPU
		{1AB1A6E8-6245-4C39-AFD1-282EB79A3877}.Debug|Any CPU.ActiveCfg = Debug|Any CPU
		{1AB1A6E8-6245-4C39-AFD1-282EB79A3877}.Debug|Any CPU.Build.0 = Debug|Any CPU
		{1AB1A6E8-6245-4C39-AFD1-282EB79A3877}.Debug|ARM.ActiveCfg = Debug|Any CPU
		{1AB1A6E8-6245-4C39-AFD1-282EB79A3877}.Debug|x64.ActiveCfg = Debug|Any CPU
		{1AB1A6E8-6245-4C39-AFD1-282EB79A3877}.Debug|x86.ActiveCfg = Debug|Any CPU
		{1AB1A6E8-6245-4C39-AFD1-282EB79A3877}.Release|Any CPU.ActiveCfg = Release|Any CPU
		{1AB1A6E8-6245-4C39-AFD1-282EB79A3877}.Release|Any CPU.Build.0 = Release|Any CPU
		{1AB1A6E8-6245-4C39-AFD1-282EB79A3877}.Release|ARM.ActiveCfg = Release|Any CPU
		{1AB1A6E8-6245-4C39-AFD1-282EB79A3877}.Release|x64.ActiveCfg = Release|Any CPU
		{1AB1A6E8-6245-4C39-AFD1-282EB79A3877}.Release|x86.ActiveCfg = Release|Any CPU
		{9BBB072C-F7E4-4613-A1D7-B9A58ADB5CD9}.Debug|Any CPU.ActiveCfg = Debug|Any CPU
		{9BBB072C-F7E4-4613-A1D7-B9A58ADB5CD9}.Debug|Any CPU.Build.0 = Debug|Any CPU
		{9BBB072C-F7E4-4613-A1D7-B9A58ADB5CD9}.Debug|ARM.ActiveCfg = Debug|Any CPU
		{9BBB072C-F7E4-4613-A1D7-B9A58ADB5CD9}.Debug|ARM.Build.0 = Debug|Any CPU
		{9BBB072C-F7E4-4613-A1D7-B9A58ADB5CD9}.Debug|x64.ActiveCfg = Debug|Any CPU
		{9BBB072C-F7E4-4613-A1D7-B9A58ADB5CD9}.Debug|x64.Build.0 = Debug|Any CPU
		{9BBB072C-F7E4-4613-A1D7-B9A58ADB5CD9}.Debug|x86.ActiveCfg = Debug|Any CPU
		{9BBB072C-F7E4-4613-A1D7-B9A58ADB5CD9}.Debug|x86.Build.0 = Debug|Any CPU
		{9BBB072C-F7E4-4613-A1D7-B9A58ADB5CD9}.Release|Any CPU.ActiveCfg = Release|Any CPU
		{9BBB072C-F7E4-4613-A1D7-B9A58ADB5CD9}.Release|Any CPU.Build.0 = Release|Any CPU
		{9BBB072C-F7E4-4613-A1D7-B9A58ADB5CD9}.Release|ARM.ActiveCfg = Release|Any CPU
		{9BBB072C-F7E4-4613-A1D7-B9A58ADB5CD9}.Release|ARM.Build.0 = Release|Any CPU
		{9BBB072C-F7E4-4613-A1D7-B9A58ADB5CD9}.Release|x64.ActiveCfg = Release|Any CPU
		{9BBB072C-F7E4-4613-A1D7-B9A58ADB5CD9}.Release|x64.Build.0 = Release|Any CPU
		{9BBB072C-F7E4-4613-A1D7-B9A58ADB5CD9}.Release|x86.ActiveCfg = Release|Any CPU
		{9BBB072C-F7E4-4613-A1D7-B9A58ADB5CD9}.Release|x86.Build.0 = Release|Any CPU
		{D380DDC4-D8A7-4422-B90F-59C09E0DB0E2}.Debug|Any CPU.ActiveCfg = Debug|Any CPU
		{D380DDC4-D8A7-4422-B90F-59C09E0DB0E2}.Debug|Any CPU.Build.0 = Debug|Any CPU
		{D380DDC4-D8A7-4422-B90F-59C09E0DB0E2}.Debug|ARM.ActiveCfg = Debug|Any CPU
		{D380DDC4-D8A7-4422-B90F-59C09E0DB0E2}.Debug|ARM.Build.0 = Debug|Any CPU
		{D380DDC4-D8A7-4422-B90F-59C09E0DB0E2}.Debug|x64.ActiveCfg = Debug|Any CPU
		{D380DDC4-D8A7-4422-B90F-59C09E0DB0E2}.Debug|x64.Build.0 = Debug|Any CPU
		{D380DDC4-D8A7-4422-B90F-59C09E0DB0E2}.Debug|x86.ActiveCfg = Debug|Any CPU
		{D380DDC4-D8A7-4422-B90F-59C09E0DB0E2}.Debug|x86.Build.0 = Debug|Any CPU
		{D380DDC4-D8A7-4422-B90F-59C09E0DB0E2}.Release|Any CPU.ActiveCfg = Release|Any CPU
		{D380DDC4-D8A7-4422-B90F-59C09E0DB0E2}.Release|Any CPU.Build.0 = Release|Any CPU
		{D380DDC4-D8A7-4422-B90F-59C09E0DB0E2}.Release|ARM.ActiveCfg = Release|Any CPU
		{D380DDC4-D8A7-4422-B90F-59C09E0DB0E2}.Release|ARM.Build.0 = Release|Any CPU
		{D380DDC4-D8A7-4422-B90F-59C09E0DB0E2}.Release|x64.ActiveCfg = Release|Any CPU
		{D380DDC4-D8A7-4422-B90F-59C09E0DB0E2}.Release|x64.Build.0 = Release|Any CPU
		{D380DDC4-D8A7-4422-B90F-59C09E0DB0E2}.Release|x86.ActiveCfg = Release|Any CPU
		{D380DDC4-D8A7-4422-B90F-59C09E0DB0E2}.Release|x86.Build.0 = Release|Any CPU
		{F8347F36-B7F2-43AA-BF68-EF2C4A625CFD}.Debug|Any CPU.ActiveCfg = Debug|Any CPU
		{F8347F36-B7F2-43AA-BF68-EF2C4A625CFD}.Debug|Any CPU.Build.0 = Debug|Any CPU
		{F8347F36-B7F2-43AA-BF68-EF2C4A625CFD}.Debug|ARM.ActiveCfg = Debug|Any CPU
		{F8347F36-B7F2-43AA-BF68-EF2C4A625CFD}.Debug|ARM.Build.0 = Debug|Any CPU
		{F8347F36-B7F2-43AA-BF68-EF2C4A625CFD}.Debug|x64.ActiveCfg = Debug|Any CPU
		{F8347F36-B7F2-43AA-BF68-EF2C4A625CFD}.Debug|x64.Build.0 = Debug|Any CPU
		{F8347F36-B7F2-43AA-BF68-EF2C4A625CFD}.Debug|x86.ActiveCfg = Debug|Any CPU
		{F8347F36-B7F2-43AA-BF68-EF2C4A625CFD}.Debug|x86.Build.0 = Debug|Any CPU
		{F8347F36-B7F2-43AA-BF68-EF2C4A625CFD}.Release|Any CPU.ActiveCfg = Release|Any CPU
		{F8347F36-B7F2-43AA-BF68-EF2C4A625CFD}.Release|Any CPU.Build.0 = Release|Any CPU
		{F8347F36-B7F2-43AA-BF68-EF2C4A625CFD}.Release|ARM.ActiveCfg = Release|Any CPU
		{F8347F36-B7F2-43AA-BF68-EF2C4A625CFD}.Release|ARM.Build.0 = Release|Any CPU
		{F8347F36-B7F2-43AA-BF68-EF2C4A625CFD}.Release|x64.ActiveCfg = Release|Any CPU
		{F8347F36-B7F2-43AA-BF68-EF2C4A625CFD}.Release|x64.Build.0 = Release|Any CPU
		{F8347F36-B7F2-43AA-BF68-EF2C4A625CFD}.Release|x86.ActiveCfg = Release|Any CPU
		{F8347F36-B7F2-43AA-BF68-EF2C4A625CFD}.Release|x86.Build.0 = Release|Any CPU
		{9BA8B415-DC91-498B-B167-DDC0A1F3417B}.Debug|Any CPU.ActiveCfg = Debug|Any CPU
		{9BA8B415-DC91-498B-B167-DDC0A1F3417B}.Debug|Any CPU.Build.0 = Debug|Any CPU
		{9BA8B415-DC91-498B-B167-DDC0A1F3417B}.Debug|ARM.ActiveCfg = Debug|Any CPU
		{9BA8B415-DC91-498B-B167-DDC0A1F3417B}.Debug|ARM.Build.0 = Debug|Any CPU
		{9BA8B415-DC91-498B-B167-DDC0A1F3417B}.Debug|x64.ActiveCfg = Debug|Any CPU
		{9BA8B415-DC91-498B-B167-DDC0A1F3417B}.Debug|x64.Build.0 = Debug|Any CPU
		{9BA8B415-DC91-498B-B167-DDC0A1F3417B}.Debug|x86.ActiveCfg = Debug|Any CPU
		{9BA8B415-DC91-498B-B167-DDC0A1F3417B}.Debug|x86.Build.0 = Debug|Any CPU
		{9BA8B415-DC91-498B-B167-DDC0A1F3417B}.Release|Any CPU.ActiveCfg = Release|Any CPU
		{9BA8B415-DC91-498B-B167-DDC0A1F3417B}.Release|Any CPU.Build.0 = Release|Any CPU
		{9BA8B415-DC91-498B-B167-DDC0A1F3417B}.Release|ARM.ActiveCfg = Release|Any CPU
		{9BA8B415-DC91-498B-B167-DDC0A1F3417B}.Release|ARM.Build.0 = Release|Any CPU
		{9BA8B415-DC91-498B-B167-DDC0A1F3417B}.Release|x64.ActiveCfg = Release|Any CPU
		{9BA8B415-DC91-498B-B167-DDC0A1F3417B}.Release|x64.Build.0 = Release|Any CPU
		{9BA8B415-DC91-498B-B167-DDC0A1F3417B}.Release|x86.ActiveCfg = Release|Any CPU
		{9BA8B415-DC91-498B-B167-DDC0A1F3417B}.Release|x86.Build.0 = Release|Any CPU
		{E2D6DB3C-20CC-475A-A964-0AA2DE5AB4D6}.Debug|Any CPU.ActiveCfg = Debug|Any CPU
		{E2D6DB3C-20CC-475A-A964-0AA2DE5AB4D6}.Debug|Any CPU.Build.0 = Debug|Any CPU
		{E2D6DB3C-20CC-475A-A964-0AA2DE5AB4D6}.Debug|ARM.ActiveCfg = Debug|Any CPU
		{E2D6DB3C-20CC-475A-A964-0AA2DE5AB4D6}.Debug|ARM.Build.0 = Debug|Any CPU
		{E2D6DB3C-20CC-475A-A964-0AA2DE5AB4D6}.Debug|x64.ActiveCfg = Debug|Any CPU
		{E2D6DB3C-20CC-475A-A964-0AA2DE5AB4D6}.Debug|x64.Build.0 = Debug|Any CPU
		{E2D6DB3C-20CC-475A-A964-0AA2DE5AB4D6}.Debug|x86.ActiveCfg = Debug|Any CPU
		{E2D6DB3C-20CC-475A-A964-0AA2DE5AB4D6}.Debug|x86.Build.0 = Debug|Any CPU
		{E2D6DB3C-20CC-475A-A964-0AA2DE5AB4D6}.Release|Any CPU.ActiveCfg = Release|Any CPU
		{E2D6DB3C-20CC-475A-A964-0AA2DE5AB4D6}.Release|Any CPU.Build.0 = Release|Any CPU
		{E2D6DB3C-20CC-475A-A964-0AA2DE5AB4D6}.Release|ARM.ActiveCfg = Release|Any CPU
		{E2D6DB3C-20CC-475A-A964-0AA2DE5AB4D6}.Release|ARM.Build.0 = Release|Any CPU
		{E2D6DB3C-20CC-475A-A964-0AA2DE5AB4D6}.Release|x64.ActiveCfg = Release|Any CPU
		{E2D6DB3C-20CC-475A-A964-0AA2DE5AB4D6}.Release|x64.Build.0 = Release|Any CPU
		{E2D6DB3C-20CC-475A-A964-0AA2DE5AB4D6}.Release|x86.ActiveCfg = Release|Any CPU
		{E2D6DB3C-20CC-475A-A964-0AA2DE5AB4D6}.Release|x86.Build.0 = Release|Any CPU
		{B1CC89BB-B678-46C8-9206-52727296ED14}.Debug|Any CPU.ActiveCfg = Debug|Any CPU
		{B1CC89BB-B678-46C8-9206-52727296ED14}.Debug|Any CPU.Build.0 = Debug|Any CPU
		{B1CC89BB-B678-46C8-9206-52727296ED14}.Debug|ARM.ActiveCfg = Debug|Any CPU
		{B1CC89BB-B678-46C8-9206-52727296ED14}.Debug|ARM.Build.0 = Debug|Any CPU
		{B1CC89BB-B678-46C8-9206-52727296ED14}.Debug|x64.ActiveCfg = Debug|Any CPU
		{B1CC89BB-B678-46C8-9206-52727296ED14}.Debug|x64.Build.0 = Debug|Any CPU
		{B1CC89BB-B678-46C8-9206-52727296ED14}.Debug|x86.ActiveCfg = Debug|Any CPU
		{B1CC89BB-B678-46C8-9206-52727296ED14}.Debug|x86.Build.0 = Debug|Any CPU
		{B1CC89BB-B678-46C8-9206-52727296ED14}.Release|Any CPU.ActiveCfg = Release|Any CPU
		{B1CC89BB-B678-46C8-9206-52727296ED14}.Release|Any CPU.Build.0 = Release|Any CPU
		{B1CC89BB-B678-46C8-9206-52727296ED14}.Release|ARM.ActiveCfg = Release|Any CPU
		{B1CC89BB-B678-46C8-9206-52727296ED14}.Release|ARM.Build.0 = Release|Any CPU
		{B1CC89BB-B678-46C8-9206-52727296ED14}.Release|x64.ActiveCfg = Release|Any CPU
		{B1CC89BB-B678-46C8-9206-52727296ED14}.Release|x64.Build.0 = Release|Any CPU
		{B1CC89BB-B678-46C8-9206-52727296ED14}.Release|x86.ActiveCfg = Release|Any CPU
		{B1CC89BB-B678-46C8-9206-52727296ED14}.Release|x86.Build.0 = Release|Any CPU
		{EB8FCEBE-2E39-4940-A610-D55DE55EB7EA}.Debug|Any CPU.ActiveCfg = Debug|Any CPU
		{EB8FCEBE-2E39-4940-A610-D55DE55EB7EA}.Debug|Any CPU.Build.0 = Debug|Any CPU
		{EB8FCEBE-2E39-4940-A610-D55DE55EB7EA}.Debug|ARM.ActiveCfg = Debug|Any CPU
		{EB8FCEBE-2E39-4940-A610-D55DE55EB7EA}.Debug|ARM.Build.0 = Debug|Any CPU
		{EB8FCEBE-2E39-4940-A610-D55DE55EB7EA}.Debug|x64.ActiveCfg = Debug|Any CPU
		{EB8FCEBE-2E39-4940-A610-D55DE55EB7EA}.Debug|x64.Build.0 = Debug|Any CPU
		{EB8FCEBE-2E39-4940-A610-D55DE55EB7EA}.Debug|x86.ActiveCfg = Debug|Any CPU
		{EB8FCEBE-2E39-4940-A610-D55DE55EB7EA}.Debug|x86.Build.0 = Debug|Any CPU
		{EB8FCEBE-2E39-4940-A610-D55DE55EB7EA}.Release|Any CPU.ActiveCfg = Release|Any CPU
		{EB8FCEBE-2E39-4940-A610-D55DE55EB7EA}.Release|Any CPU.Build.0 = Release|Any CPU
		{EB8FCEBE-2E39-4940-A610-D55DE55EB7EA}.Release|ARM.ActiveCfg = Release|Any CPU
		{EB8FCEBE-2E39-4940-A610-D55DE55EB7EA}.Release|ARM.Build.0 = Release|Any CPU
		{EB8FCEBE-2E39-4940-A610-D55DE55EB7EA}.Release|x64.ActiveCfg = Release|Any CPU
		{EB8FCEBE-2E39-4940-A610-D55DE55EB7EA}.Release|x64.Build.0 = Release|Any CPU
		{EB8FCEBE-2E39-4940-A610-D55DE55EB7EA}.Release|x86.ActiveCfg = Release|Any CPU
		{EB8FCEBE-2E39-4940-A610-D55DE55EB7EA}.Release|x86.Build.0 = Release|Any CPU
		{D34854AA-E3DA-4504-872F-7C0443D6C47E}.Debug|Any CPU.ActiveCfg = Debug|Any CPU
		{D34854AA-E3DA-4504-872F-7C0443D6C47E}.Debug|Any CPU.Build.0 = Debug|Any CPU
		{D34854AA-E3DA-4504-872F-7C0443D6C47E}.Debug|ARM.ActiveCfg = Debug|Any CPU
		{D34854AA-E3DA-4504-872F-7C0443D6C47E}.Debug|ARM.Build.0 = Debug|Any CPU
		{D34854AA-E3DA-4504-872F-7C0443D6C47E}.Debug|x64.ActiveCfg = Debug|Any CPU
		{D34854AA-E3DA-4504-872F-7C0443D6C47E}.Debug|x64.Build.0 = Debug|Any CPU
		{D34854AA-E3DA-4504-872F-7C0443D6C47E}.Debug|x86.ActiveCfg = Debug|Any CPU
		{D34854AA-E3DA-4504-872F-7C0443D6C47E}.Debug|x86.Build.0 = Debug|Any CPU
		{D34854AA-E3DA-4504-872F-7C0443D6C47E}.Release|Any CPU.ActiveCfg = Release|Any CPU
		{D34854AA-E3DA-4504-872F-7C0443D6C47E}.Release|Any CPU.Build.0 = Release|Any CPU
		{D34854AA-E3DA-4504-872F-7C0443D6C47E}.Release|ARM.ActiveCfg = Release|Any CPU
		{D34854AA-E3DA-4504-872F-7C0443D6C47E}.Release|ARM.Build.0 = Release|Any CPU
		{D34854AA-E3DA-4504-872F-7C0443D6C47E}.Release|x64.ActiveCfg = Release|Any CPU
		{D34854AA-E3DA-4504-872F-7C0443D6C47E}.Release|x64.Build.0 = Release|Any CPU
		{D34854AA-E3DA-4504-872F-7C0443D6C47E}.Release|x86.ActiveCfg = Release|Any CPU
		{D34854AA-E3DA-4504-872F-7C0443D6C47E}.Release|x86.Build.0 = Release|Any CPU
		{37453420-E752-4020-968B-B177AFCA0775}.Debug|Any CPU.ActiveCfg = Debug|Any CPU
		{37453420-E752-4020-968B-B177AFCA0775}.Debug|Any CPU.Build.0 = Debug|Any CPU
		{37453420-E752-4020-968B-B177AFCA0775}.Debug|ARM.ActiveCfg = Debug|Any CPU
		{37453420-E752-4020-968B-B177AFCA0775}.Debug|ARM.Build.0 = Debug|Any CPU
		{37453420-E752-4020-968B-B177AFCA0775}.Debug|x64.ActiveCfg = Debug|Any CPU
		{37453420-E752-4020-968B-B177AFCA0775}.Debug|x64.Build.0 = Debug|Any CPU
		{37453420-E752-4020-968B-B177AFCA0775}.Debug|x86.ActiveCfg = Debug|Any CPU
		{37453420-E752-4020-968B-B177AFCA0775}.Debug|x86.Build.0 = Debug|Any CPU
		{37453420-E752-4020-968B-B177AFCA0775}.Release|Any CPU.ActiveCfg = Release|Any CPU
		{37453420-E752-4020-968B-B177AFCA0775}.Release|Any CPU.Build.0 = Release|Any CPU
		{37453420-E752-4020-968B-B177AFCA0775}.Release|ARM.ActiveCfg = Release|Any CPU
		{37453420-E752-4020-968B-B177AFCA0775}.Release|ARM.Build.0 = Release|Any CPU
		{37453420-E752-4020-968B-B177AFCA0775}.Release|x64.ActiveCfg = Release|Any CPU
		{37453420-E752-4020-968B-B177AFCA0775}.Release|x64.Build.0 = Release|Any CPU
		{37453420-E752-4020-968B-B177AFCA0775}.Release|x86.ActiveCfg = Release|Any CPU
		{37453420-E752-4020-968B-B177AFCA0775}.Release|x86.Build.0 = Release|Any CPU
		{93DBDB5A-5C73-4AA6-8320-EA544AFAA2E2}.Debug|Any CPU.ActiveCfg = Debug|Any CPU
		{93DBDB5A-5C73-4AA6-8320-EA544AFAA2E2}.Debug|Any CPU.Build.0 = Debug|Any CPU
		{93DBDB5A-5C73-4AA6-8320-EA544AFAA2E2}.Debug|ARM.ActiveCfg = Debug|Any CPU
		{93DBDB5A-5C73-4AA6-8320-EA544AFAA2E2}.Debug|x64.ActiveCfg = Debug|Any CPU
		{93DBDB5A-5C73-4AA6-8320-EA544AFAA2E2}.Debug|x86.ActiveCfg = Debug|Any CPU
		{93DBDB5A-5C73-4AA6-8320-EA544AFAA2E2}.Release|Any CPU.ActiveCfg = Release|Any CPU
		{93DBDB5A-5C73-4AA6-8320-EA544AFAA2E2}.Release|Any CPU.Build.0 = Release|Any CPU
		{93DBDB5A-5C73-4AA6-8320-EA544AFAA2E2}.Release|ARM.ActiveCfg = Release|Any CPU
		{93DBDB5A-5C73-4AA6-8320-EA544AFAA2E2}.Release|x64.ActiveCfg = Release|Any CPU
		{93DBDB5A-5C73-4AA6-8320-EA544AFAA2E2}.Release|x86.ActiveCfg = Release|Any CPU
		{990AF111-3226-49B1-B877-8D5C1D51E8CF}.Debug|Any CPU.ActiveCfg = Debug|Any CPU
		{990AF111-3226-49B1-B877-8D5C1D51E8CF}.Debug|Any CPU.Build.0 = Debug|Any CPU
		{990AF111-3226-49B1-B877-8D5C1D51E8CF}.Debug|ARM.ActiveCfg = Debug|Any CPU
		{990AF111-3226-49B1-B877-8D5C1D51E8CF}.Debug|x64.ActiveCfg = Debug|Any CPU
		{990AF111-3226-49B1-B877-8D5C1D51E8CF}.Debug|x86.ActiveCfg = Debug|Any CPU
		{990AF111-3226-49B1-B877-8D5C1D51E8CF}.Release|Any CPU.ActiveCfg = Release|Any CPU
		{990AF111-3226-49B1-B877-8D5C1D51E8CF}.Release|Any CPU.Build.0 = Release|Any CPU
		{990AF111-3226-49B1-B877-8D5C1D51E8CF}.Release|ARM.ActiveCfg = Release|Any CPU
		{990AF111-3226-49B1-B877-8D5C1D51E8CF}.Release|x64.ActiveCfg = Release|Any CPU
		{990AF111-3226-49B1-B877-8D5C1D51E8CF}.Release|x86.ActiveCfg = Release|Any CPU
		{A301489B-7414-426A-A509-D8973D35C48C}.Debug|Any CPU.ActiveCfg = Debug|Any CPU
		{A301489B-7414-426A-A509-D8973D35C48C}.Debug|Any CPU.Build.0 = Debug|Any CPU
		{A301489B-7414-426A-A509-D8973D35C48C}.Debug|ARM.ActiveCfg = Debug|Any CPU
		{A301489B-7414-426A-A509-D8973D35C48C}.Debug|x64.ActiveCfg = Debug|Any CPU
		{A301489B-7414-426A-A509-D8973D35C48C}.Debug|x86.ActiveCfg = Debug|Any CPU
		{A301489B-7414-426A-A509-D8973D35C48C}.Release|Any CPU.ActiveCfg = Release|Any CPU
		{A301489B-7414-426A-A509-D8973D35C48C}.Release|Any CPU.Build.0 = Release|Any CPU
		{A301489B-7414-426A-A509-D8973D35C48C}.Release|ARM.ActiveCfg = Release|Any CPU
		{A301489B-7414-426A-A509-D8973D35C48C}.Release|x64.ActiveCfg = Release|Any CPU
		{A301489B-7414-426A-A509-D8973D35C48C}.Release|x86.ActiveCfg = Release|Any CPU
		{8F81777A-8A89-4D6B-9A32-6230D2570E53}.Debug|Any CPU.ActiveCfg = Debug|Any CPU
		{8F81777A-8A89-4D6B-9A32-6230D2570E53}.Debug|Any CPU.Build.0 = Debug|Any CPU
		{8F81777A-8A89-4D6B-9A32-6230D2570E53}.Debug|ARM.ActiveCfg = Debug|Any CPU
		{8F81777A-8A89-4D6B-9A32-6230D2570E53}.Debug|ARM.Build.0 = Debug|Any CPU
		{8F81777A-8A89-4D6B-9A32-6230D2570E53}.Debug|x64.ActiveCfg = Debug|Any CPU
		{8F81777A-8A89-4D6B-9A32-6230D2570E53}.Debug|x64.Build.0 = Debug|Any CPU
		{8F81777A-8A89-4D6B-9A32-6230D2570E53}.Debug|x86.ActiveCfg = Debug|Any CPU
		{8F81777A-8A89-4D6B-9A32-6230D2570E53}.Debug|x86.Build.0 = Debug|Any CPU
		{8F81777A-8A89-4D6B-9A32-6230D2570E53}.Release|Any CPU.ActiveCfg = Release|Any CPU
		{8F81777A-8A89-4D6B-9A32-6230D2570E53}.Release|Any CPU.Build.0 = Release|Any CPU
		{8F81777A-8A89-4D6B-9A32-6230D2570E53}.Release|ARM.ActiveCfg = Release|Any CPU
		{8F81777A-8A89-4D6B-9A32-6230D2570E53}.Release|ARM.Build.0 = Release|Any CPU
		{8F81777A-8A89-4D6B-9A32-6230D2570E53}.Release|x64.ActiveCfg = Release|Any CPU
		{8F81777A-8A89-4D6B-9A32-6230D2570E53}.Release|x64.Build.0 = Release|Any CPU
		{8F81777A-8A89-4D6B-9A32-6230D2570E53}.Release|x86.ActiveCfg = Release|Any CPU
		{8F81777A-8A89-4D6B-9A32-6230D2570E53}.Release|x86.Build.0 = Release|Any CPU
	EndGlobalSection
	GlobalSection(SolutionProperties) = preSolution
		HideSolutionNode = FALSE
	EndGlobalSection
EndGlobal
